github.com/golang/protobuf v1.2.0 h1:P3YflyNX/ehuJFLhxviNdFxQPkGK5cDcApsge1SqnvM=
github.com/golang/protobuf v1.2.0/go.mod h1:6lQm79b+lXiMfvg/cZm0SGofjICqVBUtrP5yJMmIC1U=
github.com/gunk/opt v0.0.0-20181029164041-e949491322fc h1:umNRpEqsNXn2Eyij8H+swabaT5AckjyzdfOE20g+9Go=
github.com/gunk/opt v0.0.0-20181029164041-e949491322fc/go.mod h1:mwnDF6IXLCA4xXLUMmG7usTLB6Mk+KGQelNF1u390gc=
golang.org/x/net v0.0.0-20181023162649-9b4f9f5ad519 h1:x6rhz8Y9CjbgQkccRGmELH6K+LJj7tOoh3XWeC1yaQM=
golang.org/x/net v0.0.0-20181023162649-9b4f9f5ad519/go.mod h1:mL1N/T3taQHkDXs73rZJwtUhF3w3ftmwwsq0BUmARs4=
golang.org/x/sync v0.0.0-20180314180146-1d60e4601c6f h1:wMNYb4v58l5UBM7MYRLPG6ZhfOqbKu7X5eyFl8ZhKvA=
golang.org/x/sync v0.0.0-20180314180146-1d60e4601c6f/go.mod h1:RxMgew5VJxzue5/jJTE5uejpjVlOe/izrB70Jof72aM=
golang.org/x/tools v0.0.0-20181026183834-f60e5f99f081 h1:QJP9sxq2/KbTxFnGduVryxJOt6r/UVGyom3tLaqu7tc=
golang.org/x/tools v0.0.0-20181026183834-f60e5f99f081/go.mod h1:n7NCudcB/nEzxVGmLbDWY5pfWTLqBcC2KZ6jyYvM4mQ=
google.golang.org/genproto v0.0.0-20181029155118-b69ba1387ce2 h1:67iHsV9djwGdZpdZNbLuQj6FOzCaZe3w+vhLjn5AcFA=
google.golang.org/genproto v0.0.0-20181029155118-b69ba1387ce2/go.mod h1:JiN7NxoALGmiZfu7CAH4rXhgtRTLTxftemlI0sWmxmc=
