# This file is autogenerated, do not edit; changes may be undone by the next 'dep ensure'.


[[projects]]
  branch = "master"
  name = "github.com/golang/protobuf"
  packages = [
    "proto",
    "protoc-gen-go/descriptor",
    "protoc-gen-go/generator",
    "protoc-gen-go/grpc",
    "protoc-gen-go/plugin"
  ]
  revision = "1e59b77b52bf8e4b449a57e6f79f21226d571845"

[solve-meta]
  analyzer-name = "dep"
  analyzer-version = 1
  inputs-digest = "1465ad6a7464be943d94534094fddb47120d1674f450e4b290935f96f384c54b"
  solver-name = "gps-cdcl"
  solver-version = 1
